
Microsoft Visual Studio Solution File, Format Version 12.00
# Visual Studio Version 16
VisualStudioVersion = 16.0.31019.35
MinimumVisualStudioVersion = 10.0.40219.1
Project("{FAE04EC0-301F-11D3-BF4B-00C04F79EFBC}") = "exercicio_calcula_area", "exercicio_calcula_area\exercicio_calcula_area.csproj", "{5DF79A14-0F0E-4A98-8E77-9C1C0DD9A423}"
EndProject
Global
	GlobalSection(SolutionConfigurationPlatforms) = preSolution
		Debug|Any CPU = Debug|Any CPU
		Release|Any CPU = Release|Any CPU
	EndGlobalSection
	GlobalSection(ProjectConfigurationPlatforms) = postSolution
		{5DF79A14-0F0E-4A98-8E77-9C1C0DD9A423}.Debug|Any CPU.ActiveCfg = Debug|Any CPU
		{5DF79A14-0F0E-4A98-8E77-9C1C0DD9A423}.Debug|Any CPU.Build.0 = Debug|Any CPU
		{5DF79A14-0F0E-4A98-8E77-9C1C0DD9A423}.Release|Any CPU.ActiveCfg = Release|Any CPU
		{5DF79A14-0F0E-4A98-8E77-9C1C0DD9A423}.Release|Any CPU.Build.0 = Release|Any CPU
	EndGlobalSection
	GlobalSection(SolutionProperties) = preSolution
		HideSolutionNode = FALSE
	EndGlobalSection
	GlobalSection(ExtensibilityGlobals) = postSolution
		SolutionGuid = {751AE5FF-5BCE-4EDC-B258-EBC2D19DBE82}
	EndGlobalSection
EndGlobal
